
Microsoft Visual Studio Solution File, Format Version 12.00
# Visual Studio Version 16
VisualStudioVersion = 16.0.30523.141
MinimumVisualStudioVersion = 10.0.40219.1
Project("{FAE04EC0-301F-11D3-BF4B-00C04F79EFBC}") = "Coin Class Project Chapter 9", "Coin Class Project Chapter 9.csproj", "{43D4150E-B1DE-4405-BF5C-D5052903ED3B}"
EndProject
Global
	GlobalSection(SolutionConfigurationPlatforms) = preSolution
		Debug|Any CPU = Debug|Any CPU
		Release|Any CPU = Release|Any CPU
	EndGlobalSection
	GlobalSection(ProjectConfigurationPlatforms) = postSolution
		{43D4150E-B1DE-4405-BF5C-D5052903ED3B}.Debug|Any CPU.ActiveCfg = Debug|Any CPU
		{43D4150E-B1DE-4405-BF5C-D5052903ED3B}.Debug|Any CPU.Build.0 = Debug|Any CPU
		{43D4150E-B1DE-4405-BF5C-D5052903ED3B}.Release|Any CPU.ActiveCfg = Release|Any CPU
		{43D4150E-B1DE-4405-BF5C-D5052903ED3B}.Release|Any CPU.Build.0 = Release|Any CPU
	EndGlobalSection
	GlobalSection(SolutionProperties) = preSolution
		HideSolutionNode = FALSE
	EndGlobalSection
	GlobalSection(ExtensibilityGlobals) = postSolution
		SolutionGuid = {CB50CDC6-3AE9-4AAB-95B4-0A96DEFD454F}
	EndGlobalSection
EndGlobal
